---
dependencies:
  ruby-debug:
    group:
    - :default
    version: ">= 0"
  rake:
    group:
    - :default
    version: ">= 0"
  rspec:
    group:
    - :default
    version: = 1.3.0
  gherkin:
    group:
    - :default
    version: = 1.0.27
  cucumber:
    group:
    - :default
    version: = 0.7.3
specs:
- rake:
    version: 0.8.7
- builder:
    version: 2.1.2
- columnize:
    version: 0.3.1
- diff-lcs:
    version: 1.1.2
- trollop:
    version: 1.16.2
- gherkin:
    version: 1.0.27
- json_pure:
    version: 1.4.3
- term-ansicolor:
    version: 1.0.5
- cucumber:
    version: 0.7.3
- linecache:
    version: "0.43"
- rspec:
    version: 1.3.0
- ruby-debug-base:
    version: 0.10.3
- ruby-debug:
    version: 0.10.3
hash: c24e72c551f001f4324870a5572c500748ab2ee2
sources:
- Rubygems:
    uri: http://gemcutter.org
